
Microsoft Visual Studio Solution File, Format Version 12.00
# Visual Studio Version 17
VisualStudioVersion = 17.12.35707.178
MinimumVisualStudioVersion = 10.0.40219.1
Project("{8BC9CEB8-8B4A-11D0-8D11-00A0C91BC942}") = "DisplayAffinityManager", "DisplayAffinityManager.vcxproj", "{12BC581E-2BE6-4539-B199-B0E8A5E7B6DD}"
EndProject
Project("{8BC9CEB8-8B4A-11D0-8D11-00A0C91BC942}") = "AffinityUnhide", "AffinityUnhide\AffinityUnhide.vcxproj", "{B8C3B5B3-2F27-4519-893F-C664B1478DC6}"
EndProject
Project("{8BC9CEB8-8B4A-11D0-8D11-00A0C91BC942}") = "AffinityHide", "AffinityHide\AffinityHide.vcxproj", "{B82414E7-DC0E-4E9C-A843-A0C0F4F924F2}"
EndProject
Project("{8BC9CEB8-8B4A-11D0-8D11-00A0C91BC942}") = "AffinityStatus", "AffinityStatus\AffinityStatus.vcxproj", "{C180C0F3-42B5-423B-A5AC-33F00FED491D}"
EndProject
Project("{8BC9CEB8-8B4A-11D0-8D11-00A0C91BC942}") = "AffinityTrans", "AffinityTrans\AffinityTrans.vcxproj", "{E48DA29F-ACA1-4D93-9783-EC00F9DA565D}"
EndProject
Global
	GlobalSection(SolutionConfigurationPlatforms) = preSolution
		Debug|x64 = Debug|x64
		Debug|x86 = Debug|x86
		Release|x64 = Release|x64
		Release|x86 = Release|x86
	EndGlobalSection
	GlobalSection(ProjectConfigurationPlatforms) = postSolution
		{12BC581E-2BE6-4539-B199-B0E8A5E7B6DD}.Debug|x64.ActiveCfg = Debug|x64
		{12BC581E-2BE6-4539-B199-B0E8A5E7B6DD}.Debug|x64.Build.0 = Debug|x64
		{12BC581E-2BE6-4539-B199-B0E8A5E7B6DD}.Debug|x86.ActiveCfg = Debug|Win32
		{12BC581E-2BE6-4539-B199-B0E8A5E7B6DD}.Debug|x86.Build.0 = Debug|Win32
		{12BC581E-2BE6-4539-B199-B0E8A5E7B6DD}.Release|x64.ActiveCfg = Release|x64
		{12BC581E-2BE6-4539-B199-B0E8A5E7B6DD}.Release|x64.Build.0 = Release|x64
		{12BC581E-2BE6-4539-B199-B0E8A5E7B6DD}.Release|x86.ActiveCfg = Release|Win32
		{12BC581E-2BE6-4539-B199-B0E8A5E7B6DD}.Release|x86.Build.0 = Release|Win32
		{B8C3B5B3-2F27-4519-893F-C664B1478DC6}.Debug|x64.ActiveCfg = Debug|x64
		{B8C3B5B3-2F27-4519-893F-C664B1478DC6}.Debug|x64.Build.0 = Debug|x64
		{B8C3B5B3-2F27-4519-893F-C664B1478DC6}.Debug|x86.ActiveCfg = Debug|Win32
		{B8C3B5B3-2F27-4519-893F-C664B1478DC6}.Debug|x86.Build.0 = Debug|Win32
		{B8C3B5B3-2F27-4519-893F-C664B1478DC6}.Release|x64.ActiveCfg = Release|x64
		{B8C3B5B3-2F27-4519-893F-C664B1478DC6}.Release|x64.Build.0 = Release|x64
		{B8C3B5B3-2F27-4519-893F-C664B1478DC6}.Release|x86.ActiveCfg = Release|Win32
		{B8C3B5B3-2F27-4519-893F-C664B1478DC6}.Release|x86.Build.0 = Release|Win32
		{B82414E7-DC0E-4E9C-A843-A0C0F4F924F2}.Debug|x64.ActiveCfg = Debug|x64
		{B82414E7-DC0E-4E9C-A843-A0C0F4F924F2}.Debug|x64.Build.0 = Debug|x64
		{B82414E7-DC0E-4E9C-A843-A0C0F4F924F2}.Debug|x86.ActiveCfg = Debug|Win32
		{B82414E7-DC0E-4E9C-A843-A0C0F4F924F2}.Debug|x86.Build.0 = Debug|Win32
		{B82414E7-DC0E-4E9C-A843-A0C0F4F924F2}.Release|x64.ActiveCfg = Release|x64
		{B82414E7-DC0E-4E9C-A843-A0C0F4F924F2}.Release|x64.Build.0 = Release|x64
		{B82414E7-DC0E-4E9C-A843-A0C0F4F924F2}.Release|x86.ActiveCfg = Release|Win32
		{B82414E7-DC0E-4E9C-A843-A0C0F4F924F2}.Release|x86.Build.0 = Release|Win32
		{C180C0F3-42B5-423B-A5AC-33F00FED491D}.Debug|x64.ActiveCfg = Debug|x64
		{C180C0F3-42B5-423B-A5AC-33F00FED491D}.Debug|x64.Build.0 = Debug|x64
		{C180C0F3-42B5-423B-A5AC-33F00FED491D}.Debug|x86.ActiveCfg = Debug|Win32
		{C180C0F3-42B5-423B-A5AC-33F00FED491D}.Debug|x86.Build.0 = Debug|Win32
		{C180C0F3-42B5-423B-A5AC-33F00FED491D}.Release|x64.ActiveCfg = Release|x64
		{C180C0F3-42B5-423B-A5AC-33F00FED491D}.Release|x64.Build.0 = Release|x64
		{C180C0F3-42B5-423B-A5AC-33F00FED491D}.Release|x86.ActiveCfg = Release|Win32
		{C180C0F3-42B5-423B-A5AC-33F00FED491D}.Release|x86.Build.0 = Release|Win32
		{E48DA29F-ACA1-4D93-9783-EC00F9DA565D}.Debug|x64.ActiveCfg = Debug|x64
		{E48DA29F-ACA1-4D93-9783-EC00F9DA565D}.Debug|x64.Build.0 = Debug|x64
		{E48DA29F-ACA1-4D93-9783-EC00F9DA565D}.Debug|x86.ActiveCfg = Debug|Win32
		{E48DA29F-ACA1-4D93-9783-EC00F9DA565D}.Debug|x86.Build.0 = Debug|Win32
		{E48DA29F-ACA1-4D93-9783-EC00F9DA565D}.Release|x64.ActiveCfg = Release|x64
		{E48DA29F-ACA1-4D93-9783-EC00F9DA565D}.Release|x64.Build.0 = Release|x64
		{E48DA29F-ACA1-4D93-9783-EC00F9DA565D}.Release|x86.ActiveCfg = Release|Win32
		{E48DA29F-ACA1-4D93-9783-EC00F9DA565D}.Release|x86.Build.0 = Release|Win32
	EndGlobalSection
	GlobalSection(SolutionProperties) = preSolution
		HideSolutionNode = FALSE
	EndGlobalSection
EndGlobal
